
Microsoft Visual Studio Solution File, Format Version 12.00
# Visual Studio Version 16
VisualStudioVersion = 16.0.30114.128
MinimumVisualStudioVersion = 10.0.40219.1
Project("{FAE04EC0-301F-11D3-BF4B-00C04F79EFBC}") = "Rocky", "Rocky\Rocky.csproj", "{E95442B6-FA46-449D-9709-CEF75570001A}"
EndProject
Global
	GlobalSection(SolutionConfigurationPlatforms) = preSolution
		Debug|Any CPU = Debug|Any CPU
		Release|Any CPU = Release|Any CPU
	EndGlobalSection
	GlobalSection(ProjectConfigurationPlatforms) = postSolution
		{E95442B6-FA46-449D-9709-CEF75570001A}.Debug|Any CPU.ActiveCfg = Debug|Any CPU
		{E95442B6-FA46-449D-9709-CEF75570001A}.Debug|Any CPU.Build.0 = Debug|Any CPU
		{E95442B6-FA46-449D-9709-CEF75570001A}.Release|Any CPU.ActiveCfg = Release|Any CPU
		{E95442B6-FA46-449D-9709-CEF75570001A}.Release|Any CPU.Build.0 = Release|Any CPU
	EndGlobalSection
	GlobalSection(SolutionProperties) = preSolution
		HideSolutionNode = FALSE
	EndGlobalSection
	GlobalSection(ExtensibilityGlobals) = postSolution
		SolutionGuid = {62CA0AA8-9E8C-413E-A33B-2E797F92D678}
	EndGlobalSection
EndGlobal
